
Microsoft Visual Studio Solution File, Format Version 12.00
# Visual Studio Version 17
VisualStudioVersion = 17.0.31919.166
MinimumVisualStudioVersion = 10.0.40219.1
Project("{FAE04EC0-301F-11D3-BF4B-00C04F79EFBC}") = "Client", "Client\Client.csproj", "{73C6BB93-9950-4414-8BC0-669101D5265E}"
EndProject
Project("{FAE04EC0-301F-11D3-BF4B-00C04F79EFBC}") = "Server", "Server\Server.csproj", "{18F36A26-6185-4E86-A38C-D2B125FA3435}"
EndProject
Project("{FAE04EC0-301F-11D3-BF4B-00C04F79EFBC}") = "Shared", "Shared\Shared.csproj", "{26810396-083F-45A4-A4A5-C7BB6F2F764F}"
EndProject
Global
	GlobalSection(SolutionConfigurationPlatforms) = preSolution
		Debug|Any CPU = Debug|Any CPU
		Release|Any CPU = Release|Any CPU
	EndGlobalSection
	GlobalSection(ProjectConfigurationPlatforms) = postSolution
		{73C6BB93-9950-4414-8BC0-669101D5265E}.Debug|Any CPU.ActiveCfg = Debug|Any CPU
		{73C6BB93-9950-4414-8BC0-669101D5265E}.Debug|Any CPU.Build.0 = Debug|Any CPU
		{73C6BB93-9950-4414-8BC0-669101D5265E}.Release|Any CPU.ActiveCfg = Release|Any CPU
		{73C6BB93-9950-4414-8BC0-669101D5265E}.Release|Any CPU.Build.0 = Release|Any CPU
		{18F36A26-6185-4E86-A38C-D2B125FA3435}.Debug|Any CPU.ActiveCfg = Debug|Any CPU
		{18F36A26-6185-4E86-A38C-D2B125FA3435}.Debug|Any CPU.Build.0 = Debug|Any CPU
		{18F36A26-6185-4E86-A38C-D2B125FA3435}.Release|Any CPU.ActiveCfg = Release|Any CPU
		{18F36A26-6185-4E86-A38C-D2B125FA3435}.Release|Any CPU.Build.0 = Release|Any CPU
		{26810396-083F-45A4-A4A5-C7BB6F2F764F}.Debug|Any CPU.ActiveCfg = Debug|Any CPU
		{26810396-083F-45A4-A4A5-C7BB6F2F764F}.Debug|Any CPU.Build.0 = Debug|Any CPU
		{26810396-083F-45A4-A4A5-C7BB6F2F764F}.Release|Any CPU.ActiveCfg = Release|Any CPU
		{26810396-083F-45A4-A4A5-C7BB6F2F764F}.Release|Any CPU.Build.0 = Release|Any CPU
	EndGlobalSection
	GlobalSection(SolutionProperties) = preSolution
		HideSolutionNode = FALSE
	EndGlobalSection
	GlobalSection(ExtensibilityGlobals) = postSolution
		SolutionGuid = {4326D67E-0E8A-4589-9DA2-F5B01574DE23}
	EndGlobalSection
EndGlobal
